
Microsoft Visual Studio Solution File, Format Version 12.00
# Visual Studio 15
VisualStudioVersion = 15.0.28307.572
MinimumVisualStudioVersion = 10.0.40219.1
Project("{FAE04EC0-301F-11D3-BF4B-00C04F79EFBC}") = "FactuxD", "FactuxD\FactuxD.csproj", "{37353B92-2E51-4B22-89D5-75FE854CA133}"
EndProject
Project("{FAE04EC0-301F-11D3-BF4B-00C04F79EFBC}") = "MiLibreria", "MiLibreria\MiLibreria.csproj", "{D26DCD49-A72E-4264-831A-E2DF4544C90B}"
EndProject
Global
	GlobalSection(SolutionConfigurationPlatforms) = preSolution
		Debug|Any CPU = Debug|Any CPU
		Release|Any CPU = Release|Any CPU
	EndGlobalSection
	GlobalSection(ProjectConfigurationPlatforms) = postSolution
		{37353B92-2E51-4B22-89D5-75FE854CA133}.Debug|Any CPU.ActiveCfg = Debug|Any CPU
		{37353B92-2E51-4B22-89D5-75FE854CA133}.Debug|Any CPU.Build.0 = Debug|Any CPU
		{37353B92-2E51-4B22-89D5-75FE854CA133}.Release|Any CPU.ActiveCfg = Release|Any CPU
		{37353B92-2E51-4B22-89D5-75FE854CA133}.Release|Any CPU.Build.0 = Release|Any CPU
		{D26DCD49-A72E-4264-831A-E2DF4544C90B}.Debug|Any CPU.ActiveCfg = Debug|Any CPU
		{D26DCD49-A72E-4264-831A-E2DF4544C90B}.Debug|Any CPU.Build.0 = Debug|Any CPU
		{D26DCD49-A72E-4264-831A-E2DF4544C90B}.Release|Any CPU.ActiveCfg = Release|Any CPU
		{D26DCD49-A72E-4264-831A-E2DF4544C90B}.Release|Any CPU.Build.0 = Release|Any CPU
	EndGlobalSection
	GlobalSection(SolutionProperties) = preSolution
		HideSolutionNode = FALSE
	EndGlobalSection
	GlobalSection(ExtensibilityGlobals) = postSolution
		SolutionGuid = {C553C1EA-8DF0-436F-B121-A7E6518D9FB6}
	EndGlobalSection
EndGlobal
